
Microsoft Visual Studio Solution File, Format Version 12.00
# Visual Studio Version 17
VisualStudioVersion = 17.0.31903.59
MinimumVisualStudioVersion = 10.0.40219.1
Project("{2150E333-8FDC-42A3-9474-1A3956D46DE8}") = "src", "src", "{827E0CD3-B72D-47B6-A68D-7590B98EB39B}"
EndProject
Project("{FAE04EC0-301F-11D3-BF4B-00C04F79EFBC}") = "CoDesk.Domain", "src\CoDesk.Domain\CoDesk.Domain.csproj", "{1D1F31D1-C4C2-4618-92DE-A1AE9B501112}"
EndProject
Project("{FAE04EC0-301F-11D3-BF4B-00C04F79EFBC}") = "CoDesk.Application", "src\CoDesk.Application\CoDesk.Application.csproj", "{CE54C53B-945C-4103-A536-FBC9F8D198A3}"
EndProject
Project("{FAE04EC0-301F-11D3-BF4B-00C04F79EFBC}") = "CoDesk.Infrastructure", "src\CoDesk.Infrastructure\CoDesk.Infrastructure.csproj", "{86B75F88-CE17-4F6A-9CC6-78C7BEF2EBBB}"
EndProject
Project("{FAE04EC0-301F-11D3-BF4B-00C04F79EFBC}") = "CoDesk.Api", "src\CoDesk.Api\CoDesk.Api.csproj", "{5D1146C1-438F-4F47-8CF5-A2E2D9B5E623}"
EndProject
Project("{2150E333-8FDC-42A3-9474-1A3956D46DE8}") = "tests", "tests", "{0AB3BF05-4346-4AA6-1389-037BE0695223}"
EndProject
Project("{FAE04EC0-301F-11D3-BF4B-00C04F79EFBC}") = "CoDesk.UnitTests", "tests\CoDesk.UnitTests\CoDesk.UnitTests.csproj", "{E04F0A75-01DE-4026-AF11-486DD1F16C4A}"
EndProject
Project("{FAE04EC0-301F-11D3-BF4B-00C04F79EFBC}") = "CoDesk.IntegrationTests", "tests\CoDesk.IntegrationTests\CoDesk.IntegrationTests.csproj", "{569A7FB7-2F27-4B8B-BB01-078836758442}"
EndProject
Global
	GlobalSection(SolutionConfigurationPlatforms) = preSolution
		Debug|Any CPU = Debug|Any CPU
		Debug|x64 = Debug|x64
		Debug|x86 = Debug|x86
		Release|Any CPU = Release|Any CPU
		Release|x64 = Release|x64
		Release|x86 = Release|x86
	EndGlobalSection
	GlobalSection(ProjectConfigurationPlatforms) = postSolution
		{1D1F31D1-C4C2-4618-92DE-A1AE9B501112}.Debug|Any CPU.ActiveCfg = Debug|Any CPU
		{1D1F31D1-C4C2-4618-92DE-A1AE9B501112}.Debug|Any CPU.Build.0 = Debug|Any CPU
		{1D1F31D1-C4C2-4618-92DE-A1AE9B501112}.Debug|x64.ActiveCfg = Debug|Any CPU
		{1D1F31D1-C4C2-4618-92DE-A1AE9B501112}.Debug|x64.Build.0 = Debug|Any CPU
		{1D1F31D1-C4C2-4618-92DE-A1AE9B501112}.Debug|x86.ActiveCfg = Debug|Any CPU
		{1D1F31D1-C4C2-4618-92DE-A1AE9B501112}.Debug|x86.Build.0 = Debug|Any CPU
		{1D1F31D1-C4C2-4618-92DE-A1AE9B501112}.Release|Any CPU.ActiveCfg = Release|Any CPU
		{1D1F31D1-C4C2-4618-92DE-A1AE9B501112}.Release|Any CPU.Build.0 = Release|Any CPU
		{1D1F31D1-C4C2-4618-92DE-A1AE9B501112}.Release|x64.ActiveCfg = Release|Any CPU
		{1D1F31D1-C4C2-4618-92DE-A1AE9B501112}.Release|x64.Build.0 = Release|Any CPU
		{1D1F31D1-C4C2-4618-92DE-A1AE9B501112}.Release|x86.ActiveCfg = Release|Any CPU
		{1D1F31D1-C4C2-4618-92DE-A1AE9B501112}.Release|x86.Build.0 = Release|Any CPU
		{CE54C53B-945C-4103-A536-FBC9F8D198A3}.Debug|Any CPU.ActiveCfg = Debug|Any CPU
		{CE54C53B-945C-4103-A536-FBC9F8D198A3}.Debug|Any CPU.Build.0 = Debug|Any CPU
		{CE54C53B-945C-4103-A536-FBC9F8D198A3}.Debug|x64.ActiveCfg = Debug|Any CPU
		{CE54C53B-945C-4103-A536-FBC9F8D198A3}.Debug|x64.Build.0 = Debug|Any CPU
		{CE54C53B-945C-4103-A536-FBC9F8D198A3}.Debug|x86.ActiveCfg = Debug|Any CPU
		{CE54C53B-945C-4103-A536-FBC9F8D198A3}.Debug|x86.Build.0 = Debug|Any CPU
		{CE54C53B-945C-4103-A536-FBC9F8D198A3}.Release|Any CPU.ActiveCfg = Release|Any CPU
		{CE54C53B-945C-4103-A536-FBC9F8D198A3}.Release|Any CPU.Build.0 = Release|Any CPU
		{CE54C53B-945C-4103-A536-FBC9F8D198A3}.Release|x64.ActiveCfg = Release|Any CPU
		{CE54C53B-945C-4103-A536-FBC9F8D198A3}.Release|x64.Build.0 = Release|Any CPU
		{CE54C53B-945C-4103-A536-FBC9F8D198A3}.Release|x86.ActiveCfg = Release|Any CPU
		{CE54C53B-945C-4103-A536-FBC9F8D198A3}.Release|x86.Build.0 = Release|Any CPU
		{86B75F88-CE17-4F6A-9CC6-78C7BEF2EBBB}.Debug|Any CPU.ActiveCfg = Debug|Any CPU
		{86B75F88-CE17-4F6A-9CC6-78C7BEF2EBBB}.Debug|Any CPU.Build.0 = Debug|Any CPU
		{86B75F88-CE17-4F6A-9CC6-78C7BEF2EBBB}.Debug|x64.ActiveCfg = Debug|Any CPU
		{86B75F88-CE17-4F6A-9CC6-78C7BEF2EBBB}.Debug|x64.Build.0 = Debug|Any CPU
		{86B75F88-CE17-4F6A-9CC6-78C7BEF2EBBB}.Debug|x86.ActiveCfg = Debug|Any CPU
		{86B75F88-CE17-4F6A-9CC6-78C7BEF2EBBB}.Debug|x86.Build.0 = Debug|Any CPU
		{86B75F88-CE17-4F6A-9CC6-78C7BEF2EBBB}.Release|Any CPU.ActiveCfg = Release|Any CPU
		{86B75F88-CE17-4F6A-9CC6-78C7BEF2EBBB}.Release|Any CPU.Build.0 = Release|Any CPU
		{86B75F88-CE17-4F6A-9CC6-78C7BEF2EBBB}.Release|x64.ActiveCfg = Release|Any CPU
		{86B75F88-CE17-4F6A-9CC6-78C7BEF2EBBB}.Release|x64.Build.0 = Release|Any CPU
		{86B75F88-CE17-4F6A-9CC6-78C7BEF2EBBB}.Release|x86.ActiveCfg = Release|Any CPU
		{86B75F88-CE17-4F6A-9CC6-78C7BEF2EBBB}.Release|x86.Build.0 = Release|Any CPU
		{5D1146C1-438F-4F47-8CF5-A2E2D9B5E623}.Debug|Any CPU.ActiveCfg = Debug|Any CPU
		{5D1146C1-438F-4F47-8CF5-A2E2D9B5E623}.Debug|Any CPU.Build.0 = Debug|Any CPU
		{5D1146C1-438F-4F47-8CF5-A2E2D9B5E623}.Debug|x64.ActiveCfg = Debug|Any CPU
		{5D1146C1-438F-4F47-8CF5-A2E2D9B5E623}.Debug|x64.Build.0 = Debug|Any CPU
		{5D1146C1-438F-4F47-8CF5-A2E2D9B5E623}.Debug|x86.ActiveCfg = Debug|Any CPU
		{5D1146C1-438F-4F47-8CF5-A2E2D9B5E623}.Debug|x86.Build.0 = Debug|Any CPU
		{5D1146C1-438F-4F47-8CF5-A2E2D9B5E623}.Release|Any CPU.ActiveCfg = Release|Any CPU
		{5D1146C1-438F-4F47-8CF5-A2E2D9B5E623}.Release|Any CPU.Build.0 = Release|Any CPU
		{5D1146C1-438F-4F47-8CF5-A2E2D9B5E623}.Release|x64.ActiveCfg = Release|Any CPU
		{5D1146C1-438F-4F47-8CF5-A2E2D9B5E623}.Release|x64.Build.0 = Release|Any CPU
		{5D1146C1-438F-4F47-8CF5-A2E2D9B5E623}.Release|x86.ActiveCfg = Release|Any CPU
		{5D1146C1-438F-4F47-8CF5-A2E2D9B5E623}.Release|x86.Build.0 = Release|Any CPU
		{E04F0A75-01DE-4026-AF11-486DD1F16C4A}.Debug|Any CPU.ActiveCfg = Debug|Any CPU
		{E04F0A75-01DE-4026-AF11-486DD1F16C4A}.Debug|Any CPU.Build.0 = Debug|Any CPU
		{E04F0A75-01DE-4026-AF11-486DD1F16C4A}.Debug|x64.ActiveCfg = Debug|Any CPU
		{E04F0A75-01DE-4026-AF11-486DD1F16C4A}.Debug|x64.Build.0 = Debug|Any CPU
		{E04F0A75-01DE-4026-AF11-486DD1F16C4A}.Debug|x86.ActiveCfg = Debug|Any CPU
		{E04F0A75-01DE-4026-AF11-486DD1F16C4A}.Debug|x86.Build.0 = Debug|Any CPU
		{E04F0A75-01DE-4026-AF11-486DD1F16C4A}.Release|Any CPU.ActiveCfg = Release|Any CPU
		{E04F0A75-01DE-4026-AF11-486DD1F16C4A}.Release|Any CPU.Build.0 = Release|Any CPU
		{E04F0A75-01DE-4026-AF11-486DD1F16C4A}.Release|x64.ActiveCfg = Release|Any CPU
		{E04F0A75-01DE-4026-AF11-486DD1F16C4A}.Release|x64.Build.0 = Release|Any CPU
		{E04F0A75-01DE-4026-AF11-486DD1F16C4A}.Release|x86.ActiveCfg = Release|Any CPU
		{E04F0A75-01DE-4026-AF11-486DD1F16C4A}.Release|x86.Build.0 = Release|Any CPU
		{569A7FB7-2F27-4B8B-BB01-078836758442}.Debug|Any CPU.ActiveCfg = Debug|Any CPU
		{569A7FB7-2F27-4B8B-BB01-078836758442}.Debug|Any CPU.Build.0 = Debug|Any CPU
		{569A7FB7-2F27-4B8B-BB01-078836758442}.Debug|x64.ActiveCfg = Debug|Any CPU
		{569A7FB7-2F27-4B8B-BB01-078836758442}.Debug|x64.Build.0 = Debug|Any CPU
		{569A7FB7-2F27-4B8B-BB01-078836758442}.Debug|x86.ActiveCfg = Debug|Any CPU
		{569A7FB7-2F27-4B8B-BB01-078836758442}.Debug|x86.Build.0 = Debug|Any CPU
		{569A7FB7-2F27-4B8B-BB01-078836758442}.Release|Any CPU.ActiveCfg = Release|Any CPU
		{569A7FB7-2F27-4B8B-BB01-078836758442}.Release|Any CPU.Build.0 = Release|Any CPU
		{569A7FB7-2F27-4B8B-BB01-078836758442}.Release|x64.ActiveCfg = Release|Any CPU
		{569A7FB7-2F27-4B8B-BB01-078836758442}.Release|x64.Build.0 = Release|Any CPU
		{569A7FB7-2F27-4B8B-BB01-078836758442}.Release|x86.ActiveCfg = Release|Any CPU
		{569A7FB7-2F27-4B8B-BB01-078836758442}.Release|x86.Build.0 = Release|Any CPU
	EndGlobalSection
	GlobalSection(SolutionProperties) = preSolution
		HideSolutionNode = FALSE
	EndGlobalSection
	GlobalSection(NestedProjects) = preSolution
		{1D1F31D1-C4C2-4618-92DE-A1AE9B501112} = {827E0CD3-B72D-47B6-A68D-7590B98EB39B}
		{CE54C53B-945C-4103-A536-FBC9F8D198A3} = {827E0CD3-B72D-47B6-A68D-7590B98EB39B}
		{86B75F88-CE17-4F6A-9CC6-78C7BEF2EBBB} = {827E0CD3-B72D-47B6-A68D-7590B98EB39B}
		{5D1146C1-438F-4F47-8CF5-A2E2D9B5E623} = {827E0CD3-B72D-47B6-A68D-7590B98EB39B}
		{E04F0A75-01DE-4026-AF11-486DD1F16C4A} = {0AB3BF05-4346-4AA6-1389-037BE0695223}
		{569A7FB7-2F27-4B8B-BB01-078836758442} = {0AB3BF05-4346-4AA6-1389-037BE0695223}
	EndGlobalSection
EndGlobal
